// !$*UTF8*$!
{
	archiveVersion = 1;
	classes = {
	};
	objectVersion = 50;
	objects = {

/* Begin PBXBuildFile section */
		FEEA51E1228C088500946367 /* AppDelegate.m in Sources */ = {isa = PBXBuildFile; fileRef = FEEA51E0228C088500946367 /* AppDelegate.m */; };
		FEEA51E4228C088500946367 /* ViewController.m in Sources */ = {isa = PBXBuildFile; fileRef = FEEA51E3228C088500946367 /* ViewController.m */; };
		FEEA51E7228C088500946367 /* Main.storyboard in Resources */ = {isa = PBXBuildFile; fileRef = FEEA51E5228C088500946367 /* Main.storyboard */; };
		FEEA51E9228C088600946367 /* Assets.xcassets in Resources */ = {isa = PBXBuildFile; fileRef = FEEA51E8228C088600946367 /* Assets.xcassets */; };
		FEEA51EC228C088600946367 /* LaunchScreen.storyboard in Resources */ = {isa = PBXBuildFile; fileRef = FEEA51EA228C088600946367 /* LaunchScreen.storyboard */; };
		FEEA51EF228C088600946367 /* main.m in Sources */ = {isa = PBXBuildFile; fileRef = FEEA51EE228C088600946367 /* main.m */; };
		FEEA51F9228C088600946367 /* _1_CollectionViewTests.m in Sources */ = {isa = PBXBuildFile; fileRef = FEEA51F8228C088600946367 /* _1_CollectionViewTests.m */; };
		FEEA5204228C088600946367 /* _1_CollectionViewUITests.m in Sources */ = {isa = PBXBuildFile; fileRef = FEEA5203228C088600946367 /* _1_CollectionViewUITests.m */; };
		FEEA5212228C0CF600946367 /* event.plist in Resources */ = {isa = PBXBuildFile; fileRef = FEEA5211228C0CF600946367 /* event.plist */; };
		FEEA5215228C12BE00946367 /* EventCollectionViewCell.m in Sources */ = {isa = PBXBuildFile; fileRef = FEEA5214228C12BE00946367 /* EventCollectionViewCell.m */; };
/* End PBXBuildFile section */

/* Begin PBXContainerItemProxy section */
		FEEA51F5228C088600946367 /* PBXContainerItemProxy */ = {
			isa = PBXContainerItemProxy;
			containerPortal = FEEA51D4228C088500946367 /* Project object */;
			proxyType = 1;
			remoteGlobalIDString = FEEA51DB228C088500946367;
			remoteInfo = 11_CollectionView;
		};
		FEEA5200228C088600946367 /* PBXContainerItemProxy */ = {
			isa = PBXContainerItemProxy;
			containerPortal = FEEA51D4228C088500946367 /* Project object */;
			proxyType = 1;
			remoteGlobalIDString = FEEA51DB228C088500946367;
			remoteInfo = 11_CollectionView;
		};
/* End PBXContainerItemProxy section */

/* Begin PBXFileReference section */
		FEEA51DC228C088500946367 /* 11_CollectionView.app */ = {isa = PBXFileReference; explicitFileType = wrapper.application; includeInIndex = 0; path = 11_CollectionView.app; sourceTree = BUILT_PRODUCTS_DIR; };
		FEEA51DF228C088500946367 /* AppDelegate.h */ = {isa = PBXFileReference; lastKnownFileType = sourcecode.c.h; path = AppDelegate.h; sourceTree = "<group>"; };
		FEEA51E0228C088500946367 /* AppDelegate.m */ = {isa = PBXFileReference; lastKnownFileType = sourcecode.c.objc; path = AppDelegate.m; sourceTree = "<group>"; };
		FEEA51E2228C088500946367 /* ViewController.h */ = {isa = PBXFileReference; lastKnownFileType = sourcecode.c.h; path = ViewController.h; sourceTree = "<group>"; };
		FEEA51E3228C088500946367 /* ViewController.m */ = {isa = PBXFileReference; lastKnownFileType = sourcecode.c.objc; path = ViewController.m; sourceTree = "<group>"; };
		FEEA51E6228C088500946367 /* Base */ = {isa = PBXFileReference; lastKnownFileType = file.storyboard; name = Base; path = Base.lproj/Main.storyboard; sourceTree = "<group>"; };
		FEEA51E8228C088600946367 /* Assets.xcassets */ = {isa = PBXFileReference; lastKnownFileType = folder.assetcatalog; path = Assets.xcassets; sourceTree = "<group>"; };
		FEEA51EB228C088600946367 /* Base */ = {isa = PBXFileReference; lastKnownFileType = file.storyboard; name = Base; path = Base.lproj/LaunchScreen.storyboard; sourceTree = "<group>"; };
		FEEA51ED228C088600946367 /* Info.plist */ = {isa = PBXFileReference; lastKnownFileType = text.plist.xml; path = Info.plist; sourceTree = "<group>"; };
		FEEA51EE228C088600946367 /* main.m */ = {isa = PBXFileReference; lastKnownFileType = sourcecode.c.objc; path = main.m; sourceTree = "<group>"; };
		FEEA51F4228C088600946367 /* 11_CollectionViewTests.xctest */ = {isa = PBXFileReference; explicitFileType = wrapper.cfbundle; includeInIndex = 0; path = 11_CollectionViewTests.xctest; sourceTree = BUILT_PRODUCTS_DIR; };
		FEEA51F8228C088600946367 /* _1_CollectionViewTests.m */ = {isa = PBXFileReference; lastKnownFileType = sourcecode.c.objc; path = _1_CollectionViewTests.m; sourceTree = "<group>"; };
		FEEA51FA228C088600946367 /* Info.plist */ = {isa = PBXFileReference; lastKnownFileType = text.plist.xml; path = Info.plist; sourceTree = "<group>"; };
		FEEA51FF228C088600946367 /* 11_CollectionViewUITests.xctest */ = {isa = PBXFileReference; explicitFileType = wrapper.cfbundle; includeInIndex = 0; path = 11_CollectionViewUITests.xctest; sourceTree = BUILT_PRODUCTS_DIR; };
		FEEA5203228C088600946367 /* _1_CollectionViewUITests.m */ = {isa = PBXFileReference; lastKnownFileType = sourcecode.c.objc; path = _1_CollectionViewUITests.m; sourceTree = "<group>"; };
		FEEA5205228C088600946367 /* Info.plist */ = {isa = PBXFileReference; lastKnownFileType = text.plist.xml; path = Info.plist; sourceTree = "<group>"; };
		FEEA5211228C0CF600946367 /* event.plist */ = {isa = PBXFileReference; lastKnownFileType = text.plist.xml; path = event.plist; sourceTree = "<group>"; };
		FEEA5213228C12BE00946367 /* EventCollectionViewCell.h */ = {isa = PBXFileReference; lastKnownFileType = sourcecode.c.h; path = EventCollectionViewCell.h; sourceTree = "<group>"; };
		FEEA5214228C12BE00946367 /* EventCollectionViewCell.m */ = {isa = PBXFileReference; lastKnownFileType = sourcecode.c.objc; path = EventCollectionViewCell.m; sourceTree = "<group>"; };
/* End PBXFileReference section */

/* Begin PBXFrameworksBuildPhase section */
		FEEA51D9228C088500946367 /* Frameworks */ = {
			isa = PBXFrameworksBuildPhase;
			buildActionMask = 2147483647;
			files = (
			);
			runOnlyForDeploymentPostprocessing = 0;
		};
		FEEA51F1228C088600946367 /* Frameworks */ = {
			isa = PBXFrameworksBuildPhase;
			buildActionMask = 2147483647;
			files = (
			);
			runOnlyForDeploymentPostprocessing = 0;
		};
		FEEA51FC228C088600946367 /* Frameworks */ = {
			isa = PBXFrameworksBuildPhase;
			buildActionMask = 2147483647;
			files = (
			);
			runOnlyForDeploymentPostprocessing = 0;
		};
/* End PBXFrameworksBuildPhase section */

/* Begin PBXGroup section */
		FEEA51D3228C088500946367 = {
			isa = PBXGroup;
			children = (
				FEEA51DE228C088500946367 /* 11_CollectionView */,
				FEEA51F7228C088600946367 /* 11_CollectionViewTests */,
				FEEA5202228C088600946367 /* 11_CollectionViewUITests */,
				FEEA51DD228C088500946367 /* Products */,
			);
			sourceTree = "<group>";
		};
		FEEA51DD228C088500946367 /* Products */ = {
			isa = PBXGroup;
			children = (
				FEEA51DC228C088500946367 /* 11_CollectionView.app */,
				FEEA51F4228C088600946367 /* 11_CollectionViewTests.xctest */,
				FEEA51FF228C088600946367 /* 11_CollectionViewUITests.xctest */,
			);
			name = Products;
			sourceTree = "<group>";
		};
		FEEA51DE228C088500946367 /* 11_CollectionView */ = {
			isa = PBXGroup;
			children = (
				FEEA51DF228C088500946367 /* AppDelegate.h */,
				FEEA51E0228C088500946367 /* AppDelegate.m */,
				FEEA51E2228C088500946367 /* ViewController.h */,
				FEEA51E3228C088500946367 /* ViewController.m */,
				FEEA51E5228C088500946367 /* Main.storyboard */,
				FEEA51E8228C088600946367 /* Assets.xcassets */,
				FEEA51EA228C088600946367 /* LaunchScreen.storyboard */,
				FEEA51ED228C088600946367 /* Info.plist */,
				FEEA5211228C0CF600946367 /* event.plist */,
				FEEA51EE228C088600946367 /* main.m */,
				FEEA5213228C12BE00946367 /* EventCollectionViewCell.h */,
				FEEA5214228C12BE00946367 /* EventCollectionViewCell.m */,
			);
			path = 11_CollectionView;
			sourceTree = "<group>";
		};
		FEEA51F7228C088600946367 /* 11_CollectionViewTests */ = {
			isa = PBXGroup;
			children = (
				FEEA51F8228C088600946367 /* _1_CollectionViewTests.m */,
				FEEA51FA228C088600946367 /* Info.plist */,
			);
			path = 11_CollectionViewTests;
			sourceTree = "<group>";
		};
		FEEA5202228C088600946367 /* 11_CollectionViewUITests */ = {
			isa = PBXGroup;
			children = (
				FEEA5203228C088600946367 /* _1_CollectionViewUITests.m */,
				FEEA5205228C088600946367 /* Info.plist */,
			);
			path = 11_CollectionViewUITests;
			sourceTree = "<group>";
		};
/* End PBXGroup section */

/* Begin PBXNativeTarget section */
		FEEA51DB228C088500946367 /* 11_CollectionView */ = {
			isa = PBXNativeTarget;
			buildConfigurationList = FEEA5208228C088600946367 /* Build configuration list for PBXNativeTarget "11_CollectionView" */;
			buildPhases = (
				FEEA51D8228C088500946367 /* Sources */,
				FEEA51D9228C088500946367 /* Frameworks */,
				FEEA51DA228C088500946367 /* Resources */,
			);
			buildRules = (
			);
			dependencies = (
			);
			name = 11_CollectionView;
			productName = 11_CollectionView;
			productReference = FEEA51DC228C088500946367 /* 11_CollectionView.app */;
			productType = "com.apple.product-type.application";
		};
		FEEA51F3228C088600946367 /* 11_CollectionViewTests */ = {
			isa = PBXNativeTarget;
			buildConfigurationList = FEEA520B228C088600946367 /* Build configuration list for PBXNativeTarget "11_CollectionViewTests" */;
			buildPhases = (
				FEEA51F0228C088600946367 /* Sources */,
				FEEA51F1228C088600946367 /* Frameworks */,
				FEEA51F2228C088600946367 /* Resources */,
			);
			buildRules = (
			);
			dependencies = (
				FEEA51F6228C088600946367 /* PBXTargetDependency */,
			);
			name = 11_CollectionViewTests;
			productName = 11_CollectionViewTests;
			productReference = FEEA51F4228C088600946367 /* 11_CollectionViewTests.xctest */;
			productType = "com.apple.product-type.bundle.unit-test";
		};
		FEEA51FE228C088600946367 /* 11_CollectionViewUITests */ = {
			isa = PBXNativeTarget;
			buildConfigurationList = FEEA520E228C088600946367 /* Build configuration list for PBXNativeTarget "11_CollectionViewUITests" */;
			buildPhases = (
				FEEA51FB228C088600946367 /* Sources */,
				FEEA51FC228C088600946367 /* Frameworks */,
				FEEA51FD228C088600946367 /* Resources */,
			);
			buildRules = (
			);
			dependencies = (
				FEEA5201228C088600946367 /* PBXTargetDependency */,
			);
			name = 11_CollectionViewUITests;
			productName = 11_CollectionViewUITests;
			productReference = FEEA51FF228C088600946367 /* 11_CollectionViewUITests.xctest */;
			productType = "com.apple.product-type.bundle.ui-testing";
		};
/* End PBXNativeTarget section */

/* Begin PBXProject section */
		FEEA51D4228C088500946367 /* Project object */ = {
			isa = PBXProject;
			attributes = {
				LastUpgradeCheck = 1020;
				ORGANIZATIONNAME = "hongbo ni";
				TargetAttributes = {
					FEEA51DB228C088500946367 = {
						CreatedOnToolsVersion = 10.2.1;
					};
					FEEA51F3228C088600946367 = {
						CreatedOnToolsVersion = 10.2.1;
						TestTargetID = FEEA51DB228C088500946367;
					};
					FEEA51FE228C088600946367 = {
						CreatedOnToolsVersion = 10.2.1;
						TestTargetID = FEEA51DB228C088500946367;
					};
				};
			};
			buildConfigurationList = FEEA51D7228C088500946367 /* Build configuration list for PBXProject "11_CollectionView" */;
			compatibilityVersion = "Xcode 9.3";
			developmentRegion = en;
			hasScannedForEncodings = 0;
			knownRegions = (
				en,
				Base,
			);
			mainGroup = FEEA51D3228C088500946367;
			productRefGroup = FEEA51DD228C088500946367 /* Products */;
			projectDirPath = "";
			projectRoot = "";
			targets = (
				FEEA51DB228C088500946367 /* 11_CollectionView */,
				FEEA51F3228C088600946367 /* 11_CollectionViewTests */,
				FEEA51FE228C088600946367 /* 11_CollectionViewUITests */,
			);
		};
/* End PBXProject section */

/* Begin PBXResourcesBuildPhase section */
		FEEA51DA228C088500946367 /* Resources */ = {
			isa = PBXResourcesBuildPhase;
			buildActionMask = 2147483647;
			files = (
				FEEA51EC228C088600946367 /* LaunchScreen.storyboard in Resources */,
				FEEA51E9228C088600946367 /* Assets.xcassets in Resources */,
				FEEA51E7228C088500946367 /* Main.storyboard in Resources */,
				FEEA5212228C0CF600946367 /* event.plist in Resources */,
			);
			runOnlyForDeploymentPostprocessing = 0;
		};
		FEEA51F2228C088600946367 /* Resources */ = {
			isa = PBXResourcesBuildPhase;
			buildActionMask = 2147483647;
			files = (
			);
			runOnlyForDeploymentPostprocessing = 0;
		};
		FEEA51FD228C088600946367 /* Resources */ = {
			isa = PBXResourcesBuildPhase;
			buildActionMask = 2147483647;
			files = (
			);
			runOnlyForDeploymentPostprocessing = 0;
		};
/* End PBXResourcesBuildPhase section */

/* Begin PBXSourcesBuildPhase section */
		FEEA51D8228C088500946367 /* Sources */ = {
			isa = PBXSourcesBuildPhase;
			buildActionMask = 2147483647;
			files = (
				FEEA51E4228C088500946367 /* ViewController.m in Sources */,
				FEEA5215228C12BE00946367 /* EventCollectionViewCell.m in Sources */,
				FEEA51EF228C088600946367 /* main.m in Sources */,
				FEEA51E1228C088500946367 /* AppDelegate.m in Sources */,
			);
			runOnlyForDeploymentPostprocessing = 0;
		};
		FEEA51F0228C088600946367 /* Sources */ = {
			isa = PBXSourcesBuildPhase;
			buildActionMask = 2147483647;
			files = (
				FEEA51F9228C088600946367 /* _1_CollectionViewTests.m in Sources */,
			);
			runOnlyForDeploymentPostprocessing = 0;
		};
		FEEA51FB228C088600946367 /* Sources */ = {
			isa = PBXSourcesBuildPhase;
			buildActionMask = 2147483647;
			files = (
				FEEA5204228C088600946367 /* _1_CollectionViewUITests.m in Sources */,
			);
			runOnlyForDeploymentPostprocessing = 0;
		};
/* End PBXSourcesBuildPhase section */

/* Begin PBXTargetDependency section */
		FEEA51F6228C088600946367 /* PBXTargetDependency */ = {
			isa = PBXTargetDependency;
			target = FEEA51DB228C088500946367 /* 11_CollectionView */;
			targetProxy = FEEA51F5228C088600946367 /* PBXContainerItemProxy */;
		};
		FEEA5201228C088600946367 /* PBXTargetDependency */ = {
			isa = PBXTargetDependency;
			target = FEEA51DB228C088500946367 /* 11_CollectionView */;
			targetProxy = FEEA5200228C088600946367 /* PBXContainerItemProxy */;
		};
/* End PBXTargetDependency section */

/* Begin PBXVariantGroup section */
		FEEA51E5228C088500946367 /* Main.storyboard */ = {
			isa = PBXVariantGroup;
			children = (
				FEEA51E6228C088500946367 /* Base */,
			);
			name = Main.storyboard;
			sourceTree = "<group>";
		};
		FEEA51EA228C088600946367 /* LaunchScreen.storyboard */ = {
			isa = PBXVariantGroup;
			children = (
				FEEA51EB228C088600946367 /* Base */,
			);
			name = LaunchScreen.storyboard;
			sourceTree = "<group>";
		};
/* End PBXVariantGroup section */

/* Begin XCBuildConfiguration section */
		FEEA5206228C088600946367 /* Debug */ = {
			isa = XCBuildConfiguration;
			buildSettings = {
				ALWAYS_SEARCH_USER_PATHS = NO;
				CLANG_ANALYZER_NONNULL = YES;
				CLANG_ANALYZER_NUMBER_OBJECT_CONVERSION = YES_AGGRESSIVE;
				CLANG_CXX_LANGUAGE_STANDARD = "gnu++14";
				CLANG_CXX_LIBRARY = "libc++";
				CLANG_ENABLE_MODULES = YES;
				CLANG_ENABLE_OBJC_ARC = YES;
				CLANG_ENABLE_OBJC_WEAK = YES;
				CLANG_WARN_BLOCK_CAPTURE_AUTORELEASING = YES;
				CLANG_WARN_BOOL_CONVERSION = YES;
				CLANG_WARN_COMMA = YES;
				CLANG_WARN_CONSTANT_CONVERSION = YES;
				CLANG_WARN_DEPRECATED_OBJC_IMPLEMENTATIONS = YES;
				CLANG_WARN_DIRECT_OBJC_ISA_USAGE = YES_ERROR;
				CLANG_WARN_DOCUMENTATION_COMMENTS = YES;
				CLANG_WARN_EMPTY_BODY = YES;
				CLANG_WARN_ENUM_CONVERSION = YES;
				CLANG_WARN_INFINITE_RECURSION = YES;
				CLANG_WARN_INT_CONVERSION = YES;
				CLANG_WARN_NON_LITERAL_NULL_CONVERSION = YES;
				CLANG_WARN_OBJC_IMPLICIT_RETAIN_SELF = YES;
				CLANG_WARN_OBJC_LITERAL_CONVERSION = YES;
				CLANG_WARN_OBJC_ROOT_CLASS = YES_ERROR;
				CLANG_WARN_RANGE_LOOP_ANALYSIS = YES;
				CLANG_WARN_STRICT_PROTOTYPES = YES;
				CLANG_WARN_SUSPICIOUS_MOVE = YES;
				CLANG_WARN_UNGUARDED_AVAILABILITY = YES_AGGRESSIVE;
				CLANG_WARN_UNREACHABLE_CODE = YES;
				CLANG_WARN__DUPLICATE_METHOD_MATCH = YES;
				CODE_SIGN_IDENTITY = "iPhone Developer";
				COPY_PHASE_STRIP = NO;
				DEBUG_INFORMATION_FORMAT = dwarf;
				ENABLE_STRICT_OBJC_MSGSEND = YES;
				ENABLE_TESTABILITY = YES;
				GCC_C_LANGUAGE_STANDARD = gnu11;
				GCC_DYNAMIC_NO_PIC = NO;
				GCC_NO_COMMON_BLOCKS = YES;
				GCC_OPTIMIZATION_LEVEL = 0;
				GCC_PREPROCESSOR_DEFINITIONS = (
					"DEBUG=1",
					"$(inherited)",
				);
				GCC_WARN_64_TO_32_BIT_CONVERSION = YES;
				GCC_WARN_ABOUT_RETURN_TYPE = YES_ERROR;
				GCC_WARN_UNDECLARED_SELECTOR = YES;
				GCC_WARN_UNINITIALIZED_AUTOS = YES_AGGRESSIVE;
				GCC_WARN_UNUSED_FUNCTION = YES;
				GCC_WARN_UNUSED_VARIABLE = YES;
				IPHONEOS_DEPLOYMENT_TARGET = 12.2;
				MTL_ENABLE_DEBUG_INFO = INCLUDE_SOURCE;
				MTL_FAST_MATH = YES;
				ONLY_ACTIVE_ARCH = YES;
				SDKROOT = iphoneos;
			};
			name = Debug;
		};
		FEEA5207228C088600946367 /* Release */ = {
			isa = XCBuildConfiguration;
			buildSettings = {
				ALWAYS_SEARCH_USER_PATHS = NO;
				CLANG_ANALYZER_NONNULL = YES;
				CLANG_ANALYZER_NUMBER_OBJECT_CONVERSION = YES_AGGRESSIVE;
				CLANG_CXX_LANGUAGE_STANDARD = "gnu++14";
				CLANG_CXX_LIBRARY = "libc++";
				CLANG_ENABLE_MODULES = YES;
				CLANG_ENABLE_OBJC_ARC = YES;
				CLANG_ENABLE_OBJC_WEAK = YES;
				CLANG_WARN_BLOCK_CAPTURE_AUTORELEASING = YES;
				CLANG_WARN_BOOL_CONVERSION = YES;
				CLANG_WARN_COMMA = YES;
				CLANG_WARN_CONSTANT_CONVERSION = YES;
				CLANG_WARN_DEPRECATED_OBJC_IMPLEMENTATIONS = YES;
				CLANG_WARN_DIRECT_OBJC_ISA_USAGE = YES_ERROR;
				CLANG_WARN_DOCUMENTATION_COMMENTS = YES;
				CLANG_WARN_EMPTY_BODY = YES;
				CLANG_WARN_ENUM_CONVERSION = YES;
				CLANG_WARN_INFINITE_RECURSION = YES;
				CLANG_WARN_INT_CONVERSION = YES;
				CLANG_WARN_NON_LITERAL_NULL_CONVERSION = YES;
				CLANG_WARN_OBJC_IMPLICIT_RETAIN_SELF = YES;
				CLANG_WARN_OBJC_LITERAL_CONVERSION = YES;
				CLANG_WARN_OBJC_ROOT_CLASS = YES_ERROR;
				CLANG_WARN_RANGE_LOOP_ANALYSIS = YES;
				CLANG_WARN_STRICT_PROTOTYPES = YES;
				CLANG_WARN_SUSPICIOUS_MOVE = YES;
				CLANG_WARN_UNGUARDED_AVAILABILITY = YES_AGGRESSIVE;
				CLANG_WARN_UNREACHABLE_CODE = YES;
				CLANG_WARN__DUPLICATE_METHOD_MATCH = YES;
				CODE_SIGN_IDENTITY = "iPhone Developer";
				COPY_PHASE_STRIP = NO;
				DEBUG_INFORMATION_FORMAT = "dwarf-with-dsym";
				ENABLE_NS_ASSERTIONS = NO;
				ENABLE_STRICT_OBJC_MSGSEND = YES;
				GCC_C_LANGUAGE_STANDARD = gnu11;
				GCC_NO_COMMON_BLOCKS = YES;
				GCC_WARN_64_TO_32_BIT_CONVERSION = YES;
				GCC_WARN_ABOUT_RETURN_TYPE = YES_ERROR;
				GCC_WARN_UNDECLARED_SELECTOR = YES;
				GCC_WARN_UNINITIALIZED_AUTOS = YES_AGGRESSIVE;
				GCC_WARN_UNUSED_FUNCTION = YES;
				GCC_WARN_UNUSED_VARIABLE = YES;
				IPHONEOS_DEPLOYMENT_TARGET = 12.2;
				MTL_ENABLE_DEBUG_INFO = NO;
				MTL_FAST_MATH = YES;
				SDKROOT = iphoneos;
				VALIDATE_PRODUCT = YES;
			};
			name = Release;
		};
		FEEA5209228C088600946367 /* Debug */ = {
			isa = XCBuildConfiguration;
			buildSettings = {
				ASSETCATALOG_COMPILER_APPICON_NAME = AppIcon;
				CODE_SIGN_STYLE = Automatic;
				INFOPLIST_FILE = 11_CollectionView/Info.plist;
				LD_RUNPATH_SEARCH_PATHS = (
					"$(inherited)",
					"@executable_path/Frameworks",
				);
				PRODUCT_BUNDLE_IDENTIFIER = "com.hnac.-1-CollectionView";
				PRODUCT_NAME = "$(TARGET_NAME)";
				TARGETED_DEVICE_FAMILY = "1,2";
			};
			name = Debug;
		};
		FEEA520A228C088600946367 /* Release */ = {
			isa = XCBuildConfiguration;
			buildSettings = {
				ASSETCATALOG_COMPILER_APPICON_NAME = AppIcon;
				CODE_SIGN_STYLE = Automatic;
				INFOPLIST_FILE = 11_CollectionView/Info.plist;
				LD_RUNPATH_SEARCH_PATHS = (
					"$(inherited)",
					"@executable_path/Frameworks",
				);
				PRODUCT_BUNDLE_IDENTIFIER = "com.hnac.-1-CollectionView";
				PRODUCT_NAME = "$(TARGET_NAME)";
				TARGETED_DEVICE_FAMILY = "1,2";
			};
			name = Release;
		};
		FEEA520C228C088600946367 /* Debug */ = {
			isa = XCBuildConfiguration;
			buildSettings = {
				BUNDLE_LOADER = "$(TEST_HOST)";
				CODE_SIGN_STYLE = Automatic;
				INFOPLIST_FILE = 11_CollectionViewTests/Info.plist;
				LD_RUNPATH_SEARCH_PATHS = (
					"$(inherited)",
					"@executable_path/Frameworks",
					"@loader_path/Frameworks",
				);
				PRODUCT_BUNDLE_IDENTIFIER = "com.hnac.-1-CollectionViewTests";
				PRODUCT_NAME = "$(TARGET_NAME)";
				TARGETED_DEVICE_FAMILY = "1,2";
				TEST_HOST = "$(BUILT_PRODUCTS_DIR)/11_CollectionView.app/11_CollectionView";
			};
			name = Debug;
		};
		FEEA520D228C088600946367 /* Release */ = {
			isa = XCBuildConfiguration;
			buildSettings = {
				BUNDLE_LOADER = "$(TEST_HOST)";
				CODE_SIGN_STYLE = Automatic;
				INFOPLIST_FILE = 11_CollectionViewTests/Info.plist;
				LD_RUNPATH_SEARCH_PATHS = (
					"$(inherited)",
					"@executable_path/Frameworks",
					"@loader_path/Frameworks",
				);
				PRODUCT_BUNDLE_IDENTIFIER = "com.hnac.-1-CollectionViewTests";
				PRODUCT_NAME = "$(TARGET_NAME)";
				TARGETED_DEVICE_FAMILY = "1,2";
				TEST_HOST = "$(BUILT_PRODUCTS_DIR)/11_CollectionView.app/11_CollectionView";
			};
			name = Release;
		};
		FEEA520F228C088600946367 /* Debug */ = {
			isa = XCBuildConfiguration;
			buildSettings = {
				CODE_SIGN_STYLE = Automatic;
				INFOPLIST_FILE = 11_CollectionViewUITests/Info.plist;
				LD_RUNPATH_SEARCH_PATHS = (
					"$(inherited)",
					"@executable_path/Frameworks",
					"@loader_path/Frameworks",
				);
				PRODUCT_BUNDLE_IDENTIFIER = "com.hnac.-1-CollectionViewUITests";
				PRODUCT_NAME = "$(TARGET_NAME)";
				TARGETED_DEVICE_FAMILY = "1,2";
				TEST_TARGET_NAME = 11_CollectionView;
			};
			name = Debug;
		};
		FEEA5210228C088600946367 /* Release */ = {
			isa = XCBuildConfiguration;
			buildSettings = {
				CODE_SIGN_STYLE = Automatic;
				INFOPLIST_FILE = 11_CollectionViewUITests/Info.plist;
				LD_RUNPATH_SEARCH_PATHS = (
					"$(inherited)",
					"@executable_path/Frameworks",
					"@loader_path/Frameworks",
				);
				PRODUCT_BUNDLE_IDENTIFIER = "com.hnac.-1-CollectionViewUITests";
				PRODUCT_NAME = "$(TARGET_NAME)";
				TARGETED_DEVICE_FAMILY = "1,2";
				TEST_TARGET_NAME = 11_CollectionView;
			};
			name = Release;
		};
/* End XCBuildConfiguration section */

/* Begin XCConfigurationList section */
		FEEA51D7228C088500946367 /* Build configuration list for PBXProject "11_CollectionView" */ = {
			isa = XCConfigurationList;
			buildConfigurations = (
				FEEA5206228C088600946367 /* Debug */,
				FEEA5207228C088600946367 /* Release */,
			);
			defaultConfigurationIsVisible = 0;
			defaultConfigurationName = Release;
		};
		FEEA5208228C088600946367 /* Build configuration list for PBXNativeTarget "11_CollectionView" */ = {
			isa = XCConfigurationList;
			buildConfigurations = (
				FEEA5209228C088600946367 /* Debug */,
				FEEA520A228C088600946367 /* Release */,
			);
			defaultConfigurationIsVisible = 0;
			defaultConfigurationName = Release;
		};
		FEEA520B228C088600946367 /* Build configuration list for PBXNativeTarget "11_CollectionViewTests" */ = {
			isa = XCConfigurationList;
			buildConfigurations = (
				FEEA520C228C088600946367 /* Debug */,
				FEEA520D228C088600946367 /* Release */,
			);
			defaultConfigurationIsVisible = 0;
			defaultConfigurationName = Release;
		};
		FEEA520E228C088600946367 /* Build configuration list for PBXNativeTarget "11_CollectionViewUITests" */ = {
			isa = XCConfigurationList;
			buildConfigurations = (
				FEEA520F228C088600946367 /* Debug */,
				FEEA5210228C088600946367 /* Release */,
			);
			defaultConfigurationIsVisible = 0;
			defaultConfigurationName = Release;
		};
/* End XCConfigurationList section */
	};
	rootObject = FEEA51D4228C088500946367 /* Project object */;
}
